{
  "name": "redux-stash-async-storage",
  "version": "0.1.1",
  "lockfileVersion": 1,
  "requires": true,
  "dependencies": {
    "redux-stash": {
      "version": "0.1.1",
      "resolved": "https://registry.npmjs.org/redux-stash/-/redux-stash-0.1.1.tgz",
      "integrity": "sha512-RJkUeYy11HPWEU8C2kDBPFimhYtUuqE0vhrubp73Q/HmK2uyFIjhwCq4s83vy0Jk2PHyT6TeRDL4YT/vrl2B9g=="
    }
  }
}
